
Microsoft Visual Studio Solution File, Format Version 12.00
# Visual Studio Version 16
VisualStudioVersion = 16.0.31424.327
MinimumVisualStudioVersion = 10.0.40219.1
Project("{FAE04EC0-301F-11D3-BF4B-00C04F79EFBC}") = "TowerCraneGroup", "TowerCraneGroup\TowerCraneGroup.csproj", "{4388F208-77F3-45B4-B0F9-BAF02CEB6E22}"
EndProject
Global
	GlobalSection(SolutionConfigurationPlatforms) = preSolution
		Debug|Any CPU = Debug|Any CPU
		Release|Any CPU = Release|Any CPU
	EndGlobalSection
	GlobalSection(ProjectConfigurationPlatforms) = postSolution
		{4388F208-77F3-45B4-B0F9-BAF02CEB6E22}.Debug|Any CPU.ActiveCfg = Debug|Any CPU
		{4388F208-77F3-45B4-B0F9-BAF02CEB6E22}.Debug|Any CPU.Build.0 = Debug|Any CPU
		{4388F208-77F3-45B4-B0F9-BAF02CEB6E22}.Release|Any CPU.ActiveCfg = Release|Any CPU
		{4388F208-77F3-45B4-B0F9-BAF02CEB6E22}.Release|Any CPU.Build.0 = Release|Any CPU
	EndGlobalSection
	GlobalSection(SolutionProperties) = preSolution
		HideSolutionNode = FALSE
	EndGlobalSection
	GlobalSection(ExtensibilityGlobals) = postSolution
		SolutionGuid = {1B5B0931-B785-40F6-8BF0-1870D9D9FC4F}
	EndGlobalSection
EndGlobal
